Microsoft Visual Studio Solution File, Format Version 10.00
# Visual Studio 2008
Project("{8BC9CEB8-8B4A-11D0-8D11-00A0C91BC942}") = "ALL_BUILD", "ALL_BUILD.vcproj", "{91BE825B-E04F-405F-AF8E-0E0C2AF00198}"
	ProjectSection(ProjectDependencies) = postProject
		{BF6ED6A0-FB42-4111-806C-153077E5FBB9} = {BF6ED6A0-FB42-4111-806C-153077E5FBB9}
		{A3C0352F-C84F-4BAC-8FD3-FF3A383C9F32} = {A3C0352F-C84F-4BAC-8FD3-FF3A383C9F32}
		{1D04B215-6218-4C47-BA0C-4AEB26AED2F9} = {1D04B215-6218-4C47-BA0C-4AEB26AED2F9}
		{68D33FAD-1212-4BB6-BF8C-F4B1C2CD73B3} = {68D33FAD-1212-4BB6-BF8C-F4B1C2CD73B3}
		{7CFCC529-EC5D-4588-AA6D-420A7F8DF097} = {7CFCC529-EC5D-4588-AA6D-420A7F8DF097}
		{F6CCE44A-DBB6-4155-8685-67E8E00632D5} = {F6CCE44A-DBB6-4155-8685-67E8E00632D5}
		{CBE1A382-DD2B-41A5-8DFF-169B1D3FA8D7} = {CBE1A382-DD2B-41A5-8DFF-169B1D3FA8D7}
		{357BFDC3-0C57-4BEC-9FBB-1204C9844FBB} = {357BFDC3-0C57-4BEC-9FBB-1204C9844FBB}
		{AB00F98B-52AB-42E2-A9A2-636B6D6C8045} = {AB00F98B-52AB-42E2-A9A2-636B6D6C8045}
	EndProjectSection
EndProject
Project("{8BC9CEB8-8B4A-11D0-8D11-00A0C91BC942}") = "AnimKit", "Source\GameKit\AnimKit\AnimKit.vcproj", "{BF6ED6A0-FB42-4111-806C-153077E5FBB9}"
	ProjectSection(ProjectDependencies) = postProject
		{8AE790BC-82F8-4CE8-92FB-BCCABD4F880F} = {8AE790BC-82F8-4CE8-92FB-BCCABD4F880F}
	EndProjectSection
EndProject
Project("{8BC9CEB8-8B4A-11D0-8D11-00A0C91BC942}") = "FreeImage", "Source\FreeImage\FreeImage.vcproj", "{A3C0352F-C84F-4BAC-8FD3-FF3A383C9F32}"
	ProjectSection(ProjectDependencies) = postProject
		{8AE790BC-82F8-4CE8-92FB-BCCABD4F880F} = {8AE790BC-82F8-4CE8-92FB-BCCABD4F880F}
	EndProjectSection
EndProject
Project("{8BC9CEB8-8B4A-11D0-8D11-00A0C91BC942}") = "GameKitUtils", "Source\GameKit\Utils\GameKitUtils.vcproj", "{1D04B215-6218-4C47-BA0C-4AEB26AED2F9}"
	ProjectSection(ProjectDependencies) = postProject
		{8AE790BC-82F8-4CE8-92FB-BCCABD4F880F} = {8AE790BC-82F8-4CE8-92FB-BCCABD4F880F}
	EndProjectSection
EndProject
Project("{8BC9CEB8-8B4A-11D0-8D11-00A0C91BC942}") = "INSTALL", "INSTALL.vcproj", "{B8346242-9D67-4A33-852D-2EA598D8ABA0}"
	ProjectSection(ProjectDependencies) = postProject
		{91BE825B-E04F-405F-AF8E-0E0C2AF00198} = {91BE825B-E04F-405F-AF8E-0E0C2AF00198}
	EndProjectSection
EndProject
Project("{8BC9CEB8-8B4A-11D0-8D11-00A0C91BC942}") = "Lua", "Source\Lua\lua\Lua.vcproj", "{68D33FAD-1212-4BB6-BF8C-F4B1C2CD73B3}"
	ProjectSection(ProjectDependencies) = postProject
		{8AE790BC-82F8-4CE8-92FB-BCCABD4F880F} = {8AE790BC-82F8-4CE8-92FB-BCCABD4F880F}
	EndProjectSection
EndProject
Project("{8BC9CEB8-8B4A-11D0-8D11-00A0C91BC942}") = "OIS", "Source\OIS\OIS.vcproj", "{7CFCC529-EC5D-4588-AA6D-420A7F8DF097}"
	ProjectSection(ProjectDependencies) = postProject
		{8AE790BC-82F8-4CE8-92FB-BCCABD4F880F} = {8AE790BC-82F8-4CE8-92FB-BCCABD4F880F}
	EndProjectSection
EndProject
Project("{8BC9CEB8-8B4A-11D0-8D11-00A0C91BC942}") = "OggVorbis", "Source\Codecs\OggVorbis.vcproj", "{F6CCE44A-DBB6-4155-8685-67E8E00632D5}"
	ProjectSection(ProjectDependencies) = postProject
		{8AE790BC-82F8-4CE8-92FB-BCCABD4F880F} = {8AE790BC-82F8-4CE8-92FB-BCCABD4F880F}
	EndProjectSection
EndProject
Project("{8BC9CEB8-8B4A-11D0-8D11-00A0C91BC942}") = "OpenAL", "Source\OpenAL\OpenAL.vcproj", "{CBE1A382-DD2B-41A5-8DFF-169B1D3FA8D7}"
	ProjectSection(ProjectDependencies) = postProject
		{8AE790BC-82F8-4CE8-92FB-BCCABD4F880F} = {8AE790BC-82F8-4CE8-92FB-BCCABD4F880F}
	EndProjectSection
EndProject
Project("{8BC9CEB8-8B4A-11D0-8D11-00A0C91BC942}") = "ZERO_CHECK", "..\ZERO_CHECK.vcproj", "{8AE790BC-82F8-4CE8-92FB-BCCABD4F880F}"
	ProjectSection(ProjectDependencies) = postProject
	EndProjectSection
EndProject
Project("{8BC9CEB8-8B4A-11D0-8D11-00A0C91BC942}") = "ZLib", "Source\FreeImage\ZLib\ZLib.vcproj", "{357BFDC3-0C57-4BEC-9FBB-1204C9844FBB}"
	ProjectSection(ProjectDependencies) = postProject
		{8AE790BC-82F8-4CE8-92FB-BCCABD4F880F} = {8AE790BC-82F8-4CE8-92FB-BCCABD4F880F}
	EndProjectSection
EndProject
Project("{8BC9CEB8-8B4A-11D0-8D11-00A0C91BC942}") = "freetype", "Source\FreeType\freetype.vcproj", "{AB00F98B-52AB-42E2-A9A2-636B6D6C8045}"
	ProjectSection(ProjectDependencies) = postProject
		{8AE790BC-82F8-4CE8-92FB-BCCABD4F880F} = {8AE790BC-82F8-4CE8-92FB-BCCABD4F880F}
	EndProjectSection
EndProject
Global
	GlobalSection(SolutionConfigurationPlatforms) = preSolution
		Debug|Win32 = Debug|Win32
		Release|Win32 = Release|Win32
		MinSizeRel|Win32 = MinSizeRel|Win32
		RelWithDebInfo|Win32 = RelWithDebInfo|Win32
	EndGlobalSection
	GlobalSection(ProjectConfigurationPlatforms) = postSolution
		{91BE825B-E04F-405F-AF8E-0E0C2AF00198}.Debug|Win32.ActiveCfg = Debug|Win32
		{91BE825B-E04F-405F-AF8E-0E0C2AF00198}.Debug|Win32.Build.0 = Debug|Win32
		{91BE825B-E04F-405F-AF8E-0E0C2AF00198}.Release|Win32.ActiveCfg = Release|Win32
		{91BE825B-E04F-405F-AF8E-0E0C2AF00198}.Release|Win32.Build.0 = Release|Win32
		{91BE825B-E04F-405F-AF8E-0E0C2AF00198}.MinSizeRel|Win32.ActiveCfg = MinSizeRel|Win32
		{91BE825B-E04F-405F-AF8E-0E0C2AF00198}.MinSizeRel|Win32.Build.0 = MinSizeRel|Win32
		{91BE825B-E04F-405F-AF8E-0E0C2AF00198}.RelWithDebInfo|Win32.ActiveCfg = RelWithDebInfo|Win32
		{91BE825B-E04F-405F-AF8E-0E0C2AF00198}.RelWithDebInfo|Win32.Build.0 = RelWithDebInfo|Win32
		{BF6ED6A0-FB42-4111-806C-153077E5FBB9}.Debug|Win32.ActiveCfg = Debug|Win32
		{BF6ED6A0-FB42-4111-806C-153077E5FBB9}.Debug|Win32.Build.0 = Debug|Win32
		{BF6ED6A0-FB42-4111-806C-153077E5FBB9}.Release|Win32.ActiveCfg = Release|Win32
		{BF6ED6A0-FB42-4111-806C-153077E5FBB9}.Release|Win32.Build.0 = Release|Win32
		{BF6ED6A0-FB42-4111-806C-153077E5FBB9}.MinSizeRel|Win32.ActiveCfg = MinSizeRel|Win32
		{BF6ED6A0-FB42-4111-806C-153077E5FBB9}.MinSizeRel|Win32.Build.0 = MinSizeRel|Win32
		{BF6ED6A0-FB42-4111-806C-153077E5FBB9}.RelWithDebInfo|Win32.ActiveCfg = RelWithDebInfo|Win32
		{BF6ED6A0-FB42-4111-806C-153077E5FBB9}.RelWithDebInfo|Win32.Build.0 = RelWithDebInfo|Win32
		{A3C0352F-C84F-4BAC-8FD3-FF3A383C9F32}.Debug|Win32.ActiveCfg = Debug|Win32
		{A3C0352F-C84F-4BAC-8FD3-FF3A383C9F32}.Debug|Win32.Build.0 = Debug|Win32
		{A3C0352F-C84F-4BAC-8FD3-FF3A383C9F32}.Release|Win32.ActiveCfg = Release|Win32
		{A3C0352F-C84F-4BAC-8FD3-FF3A383C9F32}.Release|Win32.Build.0 = Release|Win32
		{A3C0352F-C84F-4BAC-8FD3-FF3A383C9F32}.MinSizeRel|Win32.ActiveCfg = MinSizeRel|Win32
		{A3C0352F-C84F-4BAC-8FD3-FF3A383C9F32}.MinSizeRel|Win32.Build.0 = MinSizeRel|Win32
		{A3C0352F-C84F-4BAC-8FD3-FF3A383C9F32}.RelWithDebInfo|Win32.ActiveCfg = RelWithDebInfo|Win32
		{A3C0352F-C84F-4BAC-8FD3-FF3A383C9F32}.RelWithDebInfo|Win32.Build.0 = RelWithDebInfo|Win32
		{1D04B215-6218-4C47-BA0C-4AEB26AED2F9}.Debug|Win32.ActiveCfg = Debug|Win32
		{1D04B215-6218-4C47-BA0C-4AEB26AED2F9}.Debug|Win32.Build.0 = Debug|Win32
		{1D04B215-6218-4C47-BA0C-4AEB26AED2F9}.Release|Win32.ActiveCfg = Release|Win32
		{1D04B215-6218-4C47-BA0C-4AEB26AED2F9}.Release|Win32.Build.0 = Release|Win32
		{1D04B215-6218-4C47-BA0C-4AEB26AED2F9}.MinSizeRel|Win32.ActiveCfg = MinSizeRel|Win32
		{1D04B215-6218-4C47-BA0C-4AEB26AED2F9}.MinSizeRel|Win32.Build.0 = MinSizeRel|Win32
		{1D04B215-6218-4C47-BA0C-4AEB26AED2F9}.RelWithDebInfo|Win32.ActiveCfg = RelWithDebInfo|Win32
		{1D04B215-6218-4C47-BA0C-4AEB26AED2F9}.RelWithDebInfo|Win32.Build.0 = RelWithDebInfo|Win32
		{B8346242-9D67-4A33-852D-2EA598D8ABA0}.Debug|Win32.ActiveCfg = Debug|Win32
		{B8346242-9D67-4A33-852D-2EA598D8ABA0}.Release|Win32.ActiveCfg = Release|Win32
		{B8346242-9D67-4A33-852D-2EA598D8ABA0}.MinSizeRel|Win32.ActiveCfg = MinSizeRel|Win32
		{B8346242-9D67-4A33-852D-2EA598D8ABA0}.RelWithDebInfo|Win32.ActiveCfg = RelWithDebInfo|Win32
		{68D33FAD-1212-4BB6-BF8C-F4B1C2CD73B3}.Debug|Win32.ActiveCfg = Debug|Win32
		{68D33FAD-1212-4BB6-BF8C-F4B1C2CD73B3}.Debug|Win32.Build.0 = Debug|Win32
		{68D33FAD-1212-4BB6-BF8C-F4B1C2CD73B3}.Release|Win32.ActiveCfg = Release|Win32
		{68D33FAD-1212-4BB6-BF8C-F4B1C2CD73B3}.Release|Win32.Build.0 = Release|Win32
		{68D33FAD-1212-4BB6-BF8C-F4B1C2CD73B3}.MinSizeRel|Win32.ActiveCfg = MinSizeRel|Win32
		{68D33FAD-1212-4BB6-BF8C-F4B1C2CD73B3}.MinSizeRel|Win32.Build.0 = MinSizeRel|Win32
		{68D33FAD-1212-4BB6-BF8C-F4B1C2CD73B3}.RelWithDebInfo|Win32.ActiveCfg = RelWithDebInfo|Win32
		{68D33FAD-1212-4BB6-BF8C-F4B1C2CD73B3}.RelWithDebInfo|Win32.Build.0 = RelWithDebInfo|Win32
		{7CFCC529-EC5D-4588-AA6D-420A7F8DF097}.Debug|Win32.ActiveCfg = Debug|Win32
		{7CFCC529-EC5D-4588-AA6D-420A7F8DF097}.Debug|Win32.Build.0 = Debug|Win32
		{7CFCC529-EC5D-4588-AA6D-420A7F8DF097}.Release|Win32.ActiveCfg = Release|Win32
		{7CFCC529-EC5D-4588-AA6D-420A7F8DF097}.Release|Win32.Build.0 = Release|Win32
		{7CFCC529-EC5D-4588-AA6D-420A7F8DF097}.MinSizeRel|Win32.ActiveCfg = MinSizeRel|Win32
		{7CFCC529-EC5D-4588-AA6D-420A7F8DF097}.MinSizeRel|Win32.Build.0 = MinSizeRel|Win32
		{7CFCC529-EC5D-4588-AA6D-420A7F8DF097}.RelWithDebInfo|Win32.ActiveCfg = RelWithDebInfo|Win32
		{7CFCC529-EC5D-4588-AA6D-420A7F8DF097}.RelWithDebInfo|Win32.Build.0 = RelWithDebInfo|Win32
		{F6CCE44A-DBB6-4155-8685-67E8E00632D5}.Debug|Win32.ActiveCfg = Debug|Win32
		{F6CCE44A-DBB6-4155-8685-67E8E00632D5}.Debug|Win32.Build.0 = Debug|Win32
		{F6CCE44A-DBB6-4155-8685-67E8E00632D5}.Release|Win32.ActiveCfg = Release|Win32
		{F6CCE44A-DBB6-4155-8685-67E8E00632D5}.Release|Win32.Build.0 = Release|Win32
		{F6CCE44A-DBB6-4155-8685-67E8E00632D5}.MinSizeRel|Win32.ActiveCfg = MinSizeRel|Win32
		{F6CCE44A-DBB6-4155-8685-67E8E00632D5}.MinSizeRel|Win32.Build.0 = MinSizeRel|Win32
		{F6CCE44A-DBB6-4155-8685-67E8E00632D5}.RelWithDebInfo|Win32.ActiveCfg = RelWithDebInfo|Win32
		{F6CCE44A-DBB6-4155-8685-67E8E00632D5}.RelWithDebInfo|Win32.Build.0 = RelWithDebInfo|Win32
		{CBE1A382-DD2B-41A5-8DFF-169B1D3FA8D7}.Debug|Win32.ActiveCfg = Debug|Win32
		{CBE1A382-DD2B-41A5-8DFF-169B1D3FA8D7}.Debug|Win32.Build.0 = Debug|Win32
		{CBE1A382-DD2B-41A5-8DFF-169B1D3FA8D7}.Release|Win32.ActiveCfg = Release|Win32
		{CBE1A382-DD2B-41A5-8DFF-169B1D3FA8D7}.Release|Win32.Build.0 = Release|Win32
		{CBE1A382-DD2B-41A5-8DFF-169B1D3FA8D7}.MinSizeRel|Win32.ActiveCfg = MinSizeRel|Win32
		{CBE1A382-DD2B-41A5-8DFF-169B1D3FA8D7}.MinSizeRel|Win32.Build.0 = MinSizeRel|Win32
		{CBE1A382-DD2B-41A5-8DFF-169B1D3FA8D7}.RelWithDebInfo|Win32.ActiveCfg = RelWithDebInfo|Win32
		{CBE1A382-DD2B-41A5-8DFF-169B1D3FA8D7}.RelWithDebInfo|Win32.Build.0 = RelWithDebInfo|Win32
		{8AE790BC-82F8-4CE8-92FB-BCCABD4F880F}.Debug|Win32.ActiveCfg = Debug|Win32
		{8AE790BC-82F8-4CE8-92FB-BCCABD4F880F}.Debug|Win32.Build.0 = Debug|Win32
		{8AE790BC-82F8-4CE8-92FB-BCCABD4F880F}.Release|Win32.ActiveCfg = Release|Win32
		{8AE790BC-82F8-4CE8-92FB-BCCABD4F880F}.Release|Win32.Build.0 = Release|Win32
		{8AE790BC-82F8-4CE8-92FB-BCCABD4F880F}.MinSizeRel|Win32.ActiveCfg = MinSizeRel|Win32
		{8AE790BC-82F8-4CE8-92FB-BCCABD4F880F}.MinSizeRel|Win32.Build.0 = MinSizeRel|Win32
		{8AE790BC-82F8-4CE8-92FB-BCCABD4F880F}.RelWithDebInfo|Win32.ActiveCfg = RelWithDebInfo|Win32
		{8AE790BC-82F8-4CE8-92FB-BCCABD4F880F}.RelWithDebInfo|Win32.Build.0 = RelWithDebInfo|Win32
		{357BFDC3-0C57-4BEC-9FBB-1204C9844FBB}.Debug|Win32.ActiveCfg = Debug|Win32
		{357BFDC3-0C57-4BEC-9FBB-1204C9844FBB}.Debug|Win32.Build.0 = Debug|Win32
		{357BFDC3-0C57-4BEC-9FBB-1204C9844FBB}.Release|Win32.ActiveCfg = Release|Win32
		{357BFDC3-0C57-4BEC-9FBB-1204C9844FBB}.Release|Win32.Build.0 = Release|Win32
		{357BFDC3-0C57-4BEC-9FBB-1204C9844FBB}.MinSizeRel|Win32.ActiveCfg = MinSizeRel|Win32
		{357BFDC3-0C57-4BEC-9FBB-1204C9844FBB}.MinSizeRel|Win32.Build.0 = MinSizeRel|Win32
		{357BFDC3-0C57-4BEC-9FBB-1204C9844FBB}.RelWithDebInfo|Win32.ActiveCfg = RelWithDebInfo|Win32
		{357BFDC3-0C57-4BEC-9FBB-1204C9844FBB}.RelWithDebInfo|Win32.Build.0 = RelWithDebInfo|Win32
		{AB00F98B-52AB-42E2-A9A2-636B6D6C8045}.Debug|Win32.ActiveCfg = Debug|Win32
		{AB00F98B-52AB-42E2-A9A2-636B6D6C8045}.Debug|Win32.Build.0 = Debug|Win32
		{AB00F98B-52AB-42E2-A9A2-636B6D6C8045}.Release|Win32.ActiveCfg = Release|Win32
		{AB00F98B-52AB-42E2-A9A2-636B6D6C8045}.Release|Win32.Build.0 = Release|Win32
		{AB00F98B-52AB-42E2-A9A2-636B6D6C8045}.MinSizeRel|Win32.ActiveCfg = MinSizeRel|Win32
		{AB00F98B-52AB-42E2-A9A2-636B6D6C8045}.MinSizeRel|Win32.Build.0 = MinSizeRel|Win32
		{AB00F98B-52AB-42E2-A9A2-636B6D6C8045}.RelWithDebInfo|Win32.ActiveCfg = RelWithDebInfo|Win32
		{AB00F98B-52AB-42E2-A9A2-636B6D6C8045}.RelWithDebInfo|Win32.Build.0 = RelWithDebInfo|Win32
	EndGlobalSection
	GlobalSection(ExtensibilityGlobals) = postSolution
	EndGlobalSection
	GlobalSection(ExtensibilityAddIns) = postSolution
	EndGlobalSection
EndGlobal
