Microsoft Visual Studio Solution File, Format Version 10.00
# Visual Studio 2008
Project("{8BC9CEB8-8B4A-11D0-8D11-00A0C91BC942}") = "ALL_BUILD", "ALL_BUILD.vcproj", "{91BE825B-E04F-405F-AF8E-0E0C2AF00198}"
	ProjectSection(ProjectDependencies) = postProject
		{BF6ED6A0-FB42-4111-806C-153077E5FBB9} = {BF6ED6A0-FB42-4111-806C-153077E5FBB9}
		{4D3F19BC-85DF-4ED3-B856-6F25D64895EF} = {4D3F19BC-85DF-4ED3-B856-6F25D64895EF}
		{61EAFFFF-F6DA-4E5F-8A81-351DABC8DCDA} = {61EAFFFF-F6DA-4E5F-8A81-351DABC8DCDA}
		{A952E7E7-4F31-49C8-9270-DC00170A3098} = {A952E7E7-4F31-49C8-9270-DC00170A3098}
		{B18C7952-D7E5-4922-AB8B-6108782B9903} = {B18C7952-D7E5-4922-AB8B-6108782B9903}
		{A3C0352F-C84F-4BAC-8FD3-FF3A383C9F32} = {A3C0352F-C84F-4BAC-8FD3-FF3A383C9F32}
		{1D04B215-6218-4C47-BA0C-4AEB26AED2F9} = {1D04B215-6218-4C47-BA0C-4AEB26AED2F9}
		{A101546B-99CC-4FF4-89F0-1B9B9C787568} = {A101546B-99CC-4FF4-89F0-1B9B9C787568}
		{68D33FAD-1212-4BB6-BF8C-F4B1C2CD73B3} = {68D33FAD-1212-4BB6-BF8C-F4B1C2CD73B3}
		{7CFCC529-EC5D-4588-AA6D-420A7F8DF097} = {7CFCC529-EC5D-4588-AA6D-420A7F8DF097}
		{F6CCE44A-DBB6-4155-8685-67E8E00632D5} = {F6CCE44A-DBB6-4155-8685-67E8E00632D5}
		{E18B3FA0-D332-48B1-96AD-81DD50B97C04} = {E18B3FA0-D332-48B1-96AD-81DD50B97C04}
		{E25C700E-DE71-4882-8B7E-70E467F17899} = {E25C700E-DE71-4882-8B7E-70E467F17899}
		{CBE1A382-DD2B-41A5-8DFF-169B1D3FA8D7} = {CBE1A382-DD2B-41A5-8DFF-169B1D3FA8D7}
		{4AE18726-59EC-455C-A82B-F77FD75B7B03} = {4AE18726-59EC-455C-A82B-F77FD75B7B03}
		{0ACD76AD-05BA-4263-8115-4F31FEA39AC2} = {0ACD76AD-05BA-4263-8115-4F31FEA39AC2}
		{8AE790BC-82F8-4CE8-92FB-BCCABD4F880F} = {8AE790BC-82F8-4CE8-92FB-BCCABD4F880F}
		{357BFDC3-0C57-4BEC-9FBB-1204C9844FBB} = {357BFDC3-0C57-4BEC-9FBB-1204C9844FBB}
		{8DCABB1C-CF4E-4BA6-8BD6-B03FE1C2A855} = {8DCABB1C-CF4E-4BA6-8BD6-B03FE1C2A855}
		{E065B193-4246-4B66-8CC3-146D7B484E34} = {E065B193-4246-4B66-8CC3-146D7B484E34}
		{29046C6D-362F-4926-B8E2-CF7FA1E28AAD} = {29046C6D-362F-4926-B8E2-CF7FA1E28AAD}
		{AB00F98B-52AB-42E2-A9A2-636B6D6C8045} = {AB00F98B-52AB-42E2-A9A2-636B6D6C8045}
		{D2EF809D-A0F9-4DB4-85F9-FF12CCD4BDBE} = {D2EF809D-A0F9-4DB4-85F9-FF12CCD4BDBE}
	EndProjectSection
EndProject
Project("{8BC9CEB8-8B4A-11D0-8D11-00A0C91BC942}") = "AnimKit", "Dependencies\Source\GameKit\AnimKit\AnimKit.vcproj", "{BF6ED6A0-FB42-4111-806C-153077E5FBB9}"
	ProjectSection(ProjectDependencies) = postProject
		{8AE790BC-82F8-4CE8-92FB-BCCABD4F880F} = {8AE790BC-82F8-4CE8-92FB-BCCABD4F880F}
	EndProjectSection
EndProject
Project("{8BC9CEB8-8B4A-11D0-8D11-00A0C91BC942}") = "AppCppDemo", "Samples\CppDemo\AppCppDemo.vcproj", "{4D3F19BC-85DF-4ED3-B856-6F25D64895EF}"
	ProjectSection(ProjectDependencies) = postProject
		{BF6ED6A0-FB42-4111-806C-153077E5FBB9} = {BF6ED6A0-FB42-4111-806C-153077E5FBB9}
		{A3C0352F-C84F-4BAC-8FD3-FF3A383C9F32} = {A3C0352F-C84F-4BAC-8FD3-FF3A383C9F32}
		{1D04B215-6218-4C47-BA0C-4AEB26AED2F9} = {1D04B215-6218-4C47-BA0C-4AEB26AED2F9}
		{68D33FAD-1212-4BB6-BF8C-F4B1C2CD73B3} = {68D33FAD-1212-4BB6-BF8C-F4B1C2CD73B3}
		{7CFCC529-EC5D-4588-AA6D-420A7F8DF097} = {7CFCC529-EC5D-4588-AA6D-420A7F8DF097}
		{F6CCE44A-DBB6-4155-8685-67E8E00632D5} = {F6CCE44A-DBB6-4155-8685-67E8E00632D5}
		{E18B3FA0-D332-48B1-96AD-81DD50B97C04} = {E18B3FA0-D332-48B1-96AD-81DD50B97C04}
		{E25C700E-DE71-4882-8B7E-70E467F17899} = {E25C700E-DE71-4882-8B7E-70E467F17899}
		{CBE1A382-DD2B-41A5-8DFF-169B1D3FA8D7} = {CBE1A382-DD2B-41A5-8DFF-169B1D3FA8D7}
		{0ACD76AD-05BA-4263-8115-4F31FEA39AC2} = {0ACD76AD-05BA-4263-8115-4F31FEA39AC2}
		{8AE790BC-82F8-4CE8-92FB-BCCABD4F880F} = {8AE790BC-82F8-4CE8-92FB-BCCABD4F880F}
		{357BFDC3-0C57-4BEC-9FBB-1204C9844FBB} = {357BFDC3-0C57-4BEC-9FBB-1204C9844FBB}
		{8DCABB1C-CF4E-4BA6-8BD6-B03FE1C2A855} = {8DCABB1C-CF4E-4BA6-8BD6-B03FE1C2A855}
		{29046C6D-362F-4926-B8E2-CF7FA1E28AAD} = {29046C6D-362F-4926-B8E2-CF7FA1E28AAD}
		{AB00F98B-52AB-42E2-A9A2-636B6D6C8045} = {AB00F98B-52AB-42E2-A9A2-636B6D6C8045}
	EndProjectSection
EndProject
Project("{8BC9CEB8-8B4A-11D0-8D11-00A0C91BC942}") = "AppOgreKit", "Samples\Runtime\AppOgreKit.vcproj", "{61EAFFFF-F6DA-4E5F-8A81-351DABC8DCDA}"
	ProjectSection(ProjectDependencies) = postProject
		{BF6ED6A0-FB42-4111-806C-153077E5FBB9} = {BF6ED6A0-FB42-4111-806C-153077E5FBB9}
		{A3C0352F-C84F-4BAC-8FD3-FF3A383C9F32} = {A3C0352F-C84F-4BAC-8FD3-FF3A383C9F32}
		{1D04B215-6218-4C47-BA0C-4AEB26AED2F9} = {1D04B215-6218-4C47-BA0C-4AEB26AED2F9}
		{68D33FAD-1212-4BB6-BF8C-F4B1C2CD73B3} = {68D33FAD-1212-4BB6-BF8C-F4B1C2CD73B3}
		{7CFCC529-EC5D-4588-AA6D-420A7F8DF097} = {7CFCC529-EC5D-4588-AA6D-420A7F8DF097}
		{F6CCE44A-DBB6-4155-8685-67E8E00632D5} = {F6CCE44A-DBB6-4155-8685-67E8E00632D5}
		{E18B3FA0-D332-48B1-96AD-81DD50B97C04} = {E18B3FA0-D332-48B1-96AD-81DD50B97C04}
		{E25C700E-DE71-4882-8B7E-70E467F17899} = {E25C700E-DE71-4882-8B7E-70E467F17899}
		{CBE1A382-DD2B-41A5-8DFF-169B1D3FA8D7} = {CBE1A382-DD2B-41A5-8DFF-169B1D3FA8D7}
		{0ACD76AD-05BA-4263-8115-4F31FEA39AC2} = {0ACD76AD-05BA-4263-8115-4F31FEA39AC2}
		{8AE790BC-82F8-4CE8-92FB-BCCABD4F880F} = {8AE790BC-82F8-4CE8-92FB-BCCABD4F880F}
		{357BFDC3-0C57-4BEC-9FBB-1204C9844FBB} = {357BFDC3-0C57-4BEC-9FBB-1204C9844FBB}
		{8DCABB1C-CF4E-4BA6-8BD6-B03FE1C2A855} = {8DCABB1C-CF4E-4BA6-8BD6-B03FE1C2A855}
		{29046C6D-362F-4926-B8E2-CF7FA1E28AAD} = {29046C6D-362F-4926-B8E2-CF7FA1E28AAD}
		{AB00F98B-52AB-42E2-A9A2-636B6D6C8045} = {AB00F98B-52AB-42E2-A9A2-636B6D6C8045}
	EndProjectSection
EndProject
Project("{8BC9CEB8-8B4A-11D0-8D11-00A0C91BC942}") = "BulletCollision", "bullet\src\BulletCollision\BulletCollision.vcproj", "{A952E7E7-4F31-49C8-9270-DC00170A3098}"
	ProjectSection(ProjectDependencies) = postProject
		{8AE790BC-82F8-4CE8-92FB-BCCABD4F880F} = {8AE790BC-82F8-4CE8-92FB-BCCABD4F880F}
	EndProjectSection
EndProject
Project("{8BC9CEB8-8B4A-11D0-8D11-00A0C91BC942}") = "BulletDynamics", "bullet\src\BulletDynamics\BulletDynamics.vcproj", "{B18C7952-D7E5-4922-AB8B-6108782B9903}"
	ProjectSection(ProjectDependencies) = postProject
		{8AE790BC-82F8-4CE8-92FB-BCCABD4F880F} = {8AE790BC-82F8-4CE8-92FB-BCCABD4F880F}
	EndProjectSection
EndProject
Project("{8BC9CEB8-8B4A-11D0-8D11-00A0C91BC942}") = "FreeImage", "Dependencies\Source\FreeImage\FreeImage.vcproj", "{A3C0352F-C84F-4BAC-8FD3-FF3A383C9F32}"
	ProjectSection(ProjectDependencies) = postProject
		{8AE790BC-82F8-4CE8-92FB-BCCABD4F880F} = {8AE790BC-82F8-4CE8-92FB-BCCABD4F880F}
	EndProjectSection
EndProject
Project("{8BC9CEB8-8B4A-11D0-8D11-00A0C91BC942}") = "GameKitUtils", "Dependencies\Source\GameKit\Utils\GameKitUtils.vcproj", "{1D04B215-6218-4C47-BA0C-4AEB26AED2F9}"
	ProjectSection(ProjectDependencies) = postProject
		{8AE790BC-82F8-4CE8-92FB-BCCABD4F880F} = {8AE790BC-82F8-4CE8-92FB-BCCABD4F880F}
	EndProjectSection
EndProject
Project("{8BC9CEB8-8B4A-11D0-8D11-00A0C91BC942}") = "INSTALL", "INSTALL.vcproj", "{B8346242-9D67-4A33-852D-2EA598D8ABA0}"
	ProjectSection(ProjectDependencies) = postProject
		{91BE825B-E04F-405F-AF8E-0E0C2AF00198} = {91BE825B-E04F-405F-AF8E-0E0C2AF00198}
	EndProjectSection
EndProject
Project("{8BC9CEB8-8B4A-11D0-8D11-00A0C91BC942}") = "LinearMath", "bullet\src\LinearMath\LinearMath.vcproj", "{A101546B-99CC-4FF4-89F0-1B9B9C787568}"
	ProjectSection(ProjectDependencies) = postProject
		{8AE790BC-82F8-4CE8-92FB-BCCABD4F880F} = {8AE790BC-82F8-4CE8-92FB-BCCABD4F880F}
	EndProjectSection
EndProject
Project("{8BC9CEB8-8B4A-11D0-8D11-00A0C91BC942}") = "Lua", "Dependencies\Source\Lua\lua\Lua.vcproj", "{68D33FAD-1212-4BB6-BF8C-F4B1C2CD73B3}"
	ProjectSection(ProjectDependencies) = postProject
		{8AE790BC-82F8-4CE8-92FB-BCCABD4F880F} = {8AE790BC-82F8-4CE8-92FB-BCCABD4F880F}
	EndProjectSection
EndProject
Project("{8BC9CEB8-8B4A-11D0-8D11-00A0C91BC942}") = "OIS", "Dependencies\Source\OIS\OIS.vcproj", "{7CFCC529-EC5D-4588-AA6D-420A7F8DF097}"
	ProjectSection(ProjectDependencies) = postProject
		{8AE790BC-82F8-4CE8-92FB-BCCABD4F880F} = {8AE790BC-82F8-4CE8-92FB-BCCABD4F880F}
	EndProjectSection
EndProject
Project("{8BC9CEB8-8B4A-11D0-8D11-00A0C91BC942}") = "OggVorbis", "Dependencies\Source\Codecs\OggVorbis.vcproj", "{F6CCE44A-DBB6-4155-8685-67E8E00632D5}"
	ProjectSection(ProjectDependencies) = postProject
		{8AE790BC-82F8-4CE8-92FB-BCCABD4F880F} = {8AE790BC-82F8-4CE8-92FB-BCCABD4F880F}
	EndProjectSection
EndProject
Project("{8BC9CEB8-8B4A-11D0-8D11-00A0C91BC942}") = "OgreKitCore", "Engine\OgreKitCore.vcproj", "{E18B3FA0-D332-48B1-96AD-81DD50B97C04}"
	ProjectSection(ProjectDependencies) = postProject
		{BF6ED6A0-FB42-4111-806C-153077E5FBB9} = {BF6ED6A0-FB42-4111-806C-153077E5FBB9}
		{A952E7E7-4F31-49C8-9270-DC00170A3098} = {A952E7E7-4F31-49C8-9270-DC00170A3098}
		{B18C7952-D7E5-4922-AB8B-6108782B9903} = {B18C7952-D7E5-4922-AB8B-6108782B9903}
		{A3C0352F-C84F-4BAC-8FD3-FF3A383C9F32} = {A3C0352F-C84F-4BAC-8FD3-FF3A383C9F32}
		{1D04B215-6218-4C47-BA0C-4AEB26AED2F9} = {1D04B215-6218-4C47-BA0C-4AEB26AED2F9}
		{A101546B-99CC-4FF4-89F0-1B9B9C787568} = {A101546B-99CC-4FF4-89F0-1B9B9C787568}
		{68D33FAD-1212-4BB6-BF8C-F4B1C2CD73B3} = {68D33FAD-1212-4BB6-BF8C-F4B1C2CD73B3}
		{7CFCC529-EC5D-4588-AA6D-420A7F8DF097} = {7CFCC529-EC5D-4588-AA6D-420A7F8DF097}
		{F6CCE44A-DBB6-4155-8685-67E8E00632D5} = {F6CCE44A-DBB6-4155-8685-67E8E00632D5}
		{E25C700E-DE71-4882-8B7E-70E467F17899} = {E25C700E-DE71-4882-8B7E-70E467F17899}
		{CBE1A382-DD2B-41A5-8DFF-169B1D3FA8D7} = {CBE1A382-DD2B-41A5-8DFF-169B1D3FA8D7}
		{4AE18726-59EC-455C-A82B-F77FD75B7B03} = {4AE18726-59EC-455C-A82B-F77FD75B7B03}
		{0ACD76AD-05BA-4263-8115-4F31FEA39AC2} = {0ACD76AD-05BA-4263-8115-4F31FEA39AC2}
		{8AE790BC-82F8-4CE8-92FB-BCCABD4F880F} = {8AE790BC-82F8-4CE8-92FB-BCCABD4F880F}
		{357BFDC3-0C57-4BEC-9FBB-1204C9844FBB} = {357BFDC3-0C57-4BEC-9FBB-1204C9844FBB}
		{8DCABB1C-CF4E-4BA6-8BD6-B03FE1C2A855} = {8DCABB1C-CF4E-4BA6-8BD6-B03FE1C2A855}
		{29046C6D-362F-4926-B8E2-CF7FA1E28AAD} = {29046C6D-362F-4926-B8E2-CF7FA1E28AAD}
		{AB00F98B-52AB-42E2-A9A2-636B6D6C8045} = {AB00F98B-52AB-42E2-A9A2-636B6D6C8045}
	EndProjectSection
EndProject
Project("{8BC9CEB8-8B4A-11D0-8D11-00A0C91BC942}") = "OgreMain", "Ogre-1.8rc\OgreMain\OgreMain.vcproj", "{E25C700E-DE71-4882-8B7E-70E467F17899}"
	ProjectSection(ProjectDependencies) = postProject
		{8AE790BC-82F8-4CE8-92FB-BCCABD4F880F} = {8AE790BC-82F8-4CE8-92FB-BCCABD4F880F}
	EndProjectSection
EndProject
Project("{8BC9CEB8-8B4A-11D0-8D11-00A0C91BC942}") = "OpenAL", "Dependencies\Source\OpenAL\OpenAL.vcproj", "{CBE1A382-DD2B-41A5-8DFF-169B1D3FA8D7}"
	ProjectSection(ProjectDependencies) = postProject
		{8AE790BC-82F8-4CE8-92FB-BCCABD4F880F} = {8AE790BC-82F8-4CE8-92FB-BCCABD4F880F}
	EndProjectSection
EndProject
Project("{8BC9CEB8-8B4A-11D0-8D11-00A0C91BC942}") = "Plugin_ParticleFX", "Ogre-1.8rc\PlugIns\ParticleFX\Plugin_ParticleFX.vcproj", "{4AE18726-59EC-455C-A82B-F77FD75B7B03}"
	ProjectSection(ProjectDependencies) = postProject
		{E25C700E-DE71-4882-8B7E-70E467F17899} = {E25C700E-DE71-4882-8B7E-70E467F17899}
		{8AE790BC-82F8-4CE8-92FB-BCCABD4F880F} = {8AE790BC-82F8-4CE8-92FB-BCCABD4F880F}
	EndProjectSection
EndProject
Project("{8BC9CEB8-8B4A-11D0-8D11-00A0C91BC942}") = "RenderSystem_GL", "Ogre-1.8rc\RenderSystems\GL\RenderSystem_GL.vcproj", "{0ACD76AD-05BA-4263-8115-4F31FEA39AC2}"
	ProjectSection(ProjectDependencies) = postProject
		{E25C700E-DE71-4882-8B7E-70E467F17899} = {E25C700E-DE71-4882-8B7E-70E467F17899}
		{8AE790BC-82F8-4CE8-92FB-BCCABD4F880F} = {8AE790BC-82F8-4CE8-92FB-BCCABD4F880F}
	EndProjectSection
EndProject
Project("{8BC9CEB8-8B4A-11D0-8D11-00A0C91BC942}") = "ZERO_CHECK", "ZERO_CHECK.vcproj", "{8AE790BC-82F8-4CE8-92FB-BCCABD4F880F}"
	ProjectSection(ProjectDependencies) = postProject
	EndProjectSection
EndProject
Project("{8BC9CEB8-8B4A-11D0-8D11-00A0C91BC942}") = "ZLib", "Dependencies\Source\FreeImage\ZLib\ZLib.vcproj", "{357BFDC3-0C57-4BEC-9FBB-1204C9844FBB}"
	ProjectSection(ProjectDependencies) = postProject
		{8AE790BC-82F8-4CE8-92FB-BCCABD4F880F} = {8AE790BC-82F8-4CE8-92FB-BCCABD4F880F}
	EndProjectSection
EndProject
Project("{8BC9CEB8-8B4A-11D0-8D11-00A0C91BC942}") = "bfBlend", "FileTools\FileFormats\Blend\bfBlend.vcproj", "{8DCABB1C-CF4E-4BA6-8BD6-B03FE1C2A855}"
	ProjectSection(ProjectDependencies) = postProject
		{8AE790BC-82F8-4CE8-92FB-BCCABD4F880F} = {8AE790BC-82F8-4CE8-92FB-BCCABD4F880F}
		{D2EF809D-A0F9-4DB4-85F9-FF12CCD4BDBE} = {D2EF809D-A0F9-4DB4-85F9-FF12CCD4BDBE}
	EndProjectSection
EndProject
Project("{8BC9CEB8-8B4A-11D0-8D11-00A0C91BC942}") = "btBulletFile", "FileTools\FileFormats\Bullet\btBulletFile.vcproj", "{E065B193-4246-4B66-8CC3-146D7B484E34}"
	ProjectSection(ProjectDependencies) = postProject
		{8AE790BC-82F8-4CE8-92FB-BCCABD4F880F} = {8AE790BC-82F8-4CE8-92FB-BCCABD4F880F}
		{D2EF809D-A0F9-4DB4-85F9-FF12CCD4BDBE} = {D2EF809D-A0F9-4DB4-85F9-FF12CCD4BDBE}
	EndProjectSection
EndProject
Project("{8BC9CEB8-8B4A-11D0-8D11-00A0C91BC942}") = "fbtFile", "FileTools\File\fbtFile.vcproj", "{29046C6D-362F-4926-B8E2-CF7FA1E28AAD}"
	ProjectSection(ProjectDependencies) = postProject
		{8AE790BC-82F8-4CE8-92FB-BCCABD4F880F} = {8AE790BC-82F8-4CE8-92FB-BCCABD4F880F}
		{357BFDC3-0C57-4BEC-9FBB-1204C9844FBB} = {357BFDC3-0C57-4BEC-9FBB-1204C9844FBB}
	EndProjectSection
EndProject
Project("{8BC9CEB8-8B4A-11D0-8D11-00A0C91BC942}") = "freetype", "Dependencies\Source\FreeType\freetype.vcproj", "{AB00F98B-52AB-42E2-A9A2-636B6D6C8045}"
	ProjectSection(ProjectDependencies) = postProject
		{8AE790BC-82F8-4CE8-92FB-BCCABD4F880F} = {8AE790BC-82F8-4CE8-92FB-BCCABD4F880F}
	EndProjectSection
EndProject
Project("{8BC9CEB8-8B4A-11D0-8D11-00A0C91BC942}") = "makefbt", "FileTools\Compiler\makefbt.vcproj", "{D2EF809D-A0F9-4DB4-85F9-FF12CCD4BDBE}"
	ProjectSection(ProjectDependencies) = postProject
		{8AE790BC-82F8-4CE8-92FB-BCCABD4F880F} = {8AE790BC-82F8-4CE8-92FB-BCCABD4F880F}
		{29046C6D-362F-4926-B8E2-CF7FA1E28AAD} = {29046C6D-362F-4926-B8E2-CF7FA1E28AAD}
	EndProjectSection
EndProject
Global
	GlobalSection(SolutionConfigurationPlatforms) = preSolution
		Debug|Win32 = Debug|Win32
		Release|Win32 = Release|Win32
		MinSizeRel|Win32 = MinSizeRel|Win32
		RelWithDebInfo|Win32 = RelWithDebInfo|Win32
	EndGlobalSection
	GlobalSection(ProjectConfigurationPlatforms) = postSolution
		{91BE825B-E04F-405F-AF8E-0E0C2AF00198}.Debug|Win32.ActiveCfg = Debug|Win32
		{91BE825B-E04F-405F-AF8E-0E0C2AF00198}.Debug|Win32.Build.0 = Debug|Win32
		{91BE825B-E04F-405F-AF8E-0E0C2AF00198}.Release|Win32.ActiveCfg = Release|Win32
		{91BE825B-E04F-405F-AF8E-0E0C2AF00198}.Release|Win32.Build.0 = Release|Win32
		{91BE825B-E04F-405F-AF8E-0E0C2AF00198}.MinSizeRel|Win32.ActiveCfg = MinSizeRel|Win32
		{91BE825B-E04F-405F-AF8E-0E0C2AF00198}.MinSizeRel|Win32.Build.0 = MinSizeRel|Win32
		{91BE825B-E04F-405F-AF8E-0E0C2AF00198}.RelWithDebInfo|Win32.ActiveCfg = RelWithDebInfo|Win32
		{91BE825B-E04F-405F-AF8E-0E0C2AF00198}.RelWithDebInfo|Win32.Build.0 = RelWithDebInfo|Win32
		{BF6ED6A0-FB42-4111-806C-153077E5FBB9}.Debug|Win32.ActiveCfg = Debug|Win32
		{BF6ED6A0-FB42-4111-806C-153077E5FBB9}.Debug|Win32.Build.0 = Debug|Win32
		{BF6ED6A0-FB42-4111-806C-153077E5FBB9}.Release|Win32.ActiveCfg = Release|Win32
		{BF6ED6A0-FB42-4111-806C-153077E5FBB9}.Release|Win32.Build.0 = Release|Win32
		{BF6ED6A0-FB42-4111-806C-153077E5FBB9}.MinSizeRel|Win32.ActiveCfg = MinSizeRel|Win32
		{BF6ED6A0-FB42-4111-806C-153077E5FBB9}.MinSizeRel|Win32.Build.0 = MinSizeRel|Win32
		{BF6ED6A0-FB42-4111-806C-153077E5FBB9}.RelWithDebInfo|Win32.ActiveCfg = RelWithDebInfo|Win32
		{BF6ED6A0-FB42-4111-806C-153077E5FBB9}.RelWithDebInfo|Win32.Build.0 = RelWithDebInfo|Win32
		{4D3F19BC-85DF-4ED3-B856-6F25D64895EF}.Debug|Win32.ActiveCfg = Debug|Win32
		{4D3F19BC-85DF-4ED3-B856-6F25D64895EF}.Debug|Win32.Build.0 = Debug|Win32
		{4D3F19BC-85DF-4ED3-B856-6F25D64895EF}.Release|Win32.ActiveCfg = Release|Win32
		{4D3F19BC-85DF-4ED3-B856-6F25D64895EF}.Release|Win32.Build.0 = Release|Win32
		{4D3F19BC-85DF-4ED3-B856-6F25D64895EF}.MinSizeRel|Win32.ActiveCfg = MinSizeRel|Win32
		{4D3F19BC-85DF-4ED3-B856-6F25D64895EF}.MinSizeRel|Win32.Build.0 = MinSizeRel|Win32
		{4D3F19BC-85DF-4ED3-B856-6F25D64895EF}.RelWithDebInfo|Win32.ActiveCfg = RelWithDebInfo|Win32
		{4D3F19BC-85DF-4ED3-B856-6F25D64895EF}.RelWithDebInfo|Win32.Build.0 = RelWithDebInfo|Win32
		{61EAFFFF-F6DA-4E5F-8A81-351DABC8DCDA}.Debug|Win32.ActiveCfg = Debug|Win32
		{61EAFFFF-F6DA-4E5F-8A81-351DABC8DCDA}.Debug|Win32.Build.0 = Debug|Win32
		{61EAFFFF-F6DA-4E5F-8A81-351DABC8DCDA}.Release|Win32.ActiveCfg = Release|Win32
		{61EAFFFF-F6DA-4E5F-8A81-351DABC8DCDA}.Release|Win32.Build.0 = Release|Win32
		{61EAFFFF-F6DA-4E5F-8A81-351DABC8DCDA}.MinSizeRel|Win32.ActiveCfg = MinSizeRel|Win32
		{61EAFFFF-F6DA-4E5F-8A81-351DABC8DCDA}.MinSizeRel|Win32.Build.0 = MinSizeRel|Win32
		{61EAFFFF-F6DA-4E5F-8A81-351DABC8DCDA}.RelWithDebInfo|Win32.ActiveCfg = RelWithDebInfo|Win32
		{61EAFFFF-F6DA-4E5F-8A81-351DABC8DCDA}.RelWithDebInfo|Win32.Build.0 = RelWithDebInfo|Win32
		{A952E7E7-4F31-49C8-9270-DC00170A3098}.Debug|Win32.ActiveCfg = Debug|Win32
		{A952E7E7-4F31-49C8-9270-DC00170A3098}.Debug|Win32.Build.0 = Debug|Win32
		{A952E7E7-4F31-49C8-9270-DC00170A3098}.Release|Win32.ActiveCfg = Release|Win32
		{A952E7E7-4F31-49C8-9270-DC00170A3098}.Release|Win32.Build.0 = Release|Win32
		{A952E7E7-4F31-49C8-9270-DC00170A3098}.MinSizeRel|Win32.ActiveCfg = MinSizeRel|Win32
		{A952E7E7-4F31-49C8-9270-DC00170A3098}.MinSizeRel|Win32.Build.0 = MinSizeRel|Win32
		{A952E7E7-4F31-49C8-9270-DC00170A3098}.RelWithDebInfo|Win32.ActiveCfg = RelWithDebInfo|Win32
		{A952E7E7-4F31-49C8-9270-DC00170A3098}.RelWithDebInfo|Win32.Build.0 = RelWithDebInfo|Win32
		{B18C7952-D7E5-4922-AB8B-6108782B9903}.Debug|Win32.ActiveCfg = Debug|Win32
		{B18C7952-D7E5-4922-AB8B-6108782B9903}.Debug|Win32.Build.0 = Debug|Win32
		{B18C7952-D7E5-4922-AB8B-6108782B9903}.Release|Win32.ActiveCfg = Release|Win32
		{B18C7952-D7E5-4922-AB8B-6108782B9903}.Release|Win32.Build.0 = Release|Win32
		{B18C7952-D7E5-4922-AB8B-6108782B9903}.MinSizeRel|Win32.ActiveCfg = MinSizeRel|Win32
		{B18C7952-D7E5-4922-AB8B-6108782B9903}.MinSizeRel|Win32.Build.0 = MinSizeRel|Win32
		{B18C7952-D7E5-4922-AB8B-6108782B9903}.RelWithDebInfo|Win32.ActiveCfg = RelWithDebInfo|Win32
		{B18C7952-D7E5-4922-AB8B-6108782B9903}.RelWithDebInfo|Win32.Build.0 = RelWithDebInfo|Win32
		{A3C0352F-C84F-4BAC-8FD3-FF3A383C9F32}.Debug|Win32.ActiveCfg = Debug|Win32
		{A3C0352F-C84F-4BAC-8FD3-FF3A383C9F32}.Debug|Win32.Build.0 = Debug|Win32
		{A3C0352F-C84F-4BAC-8FD3-FF3A383C9F32}.Release|Win32.ActiveCfg = Release|Win32
		{A3C0352F-C84F-4BAC-8FD3-FF3A383C9F32}.Release|Win32.Build.0 = Release|Win32
		{A3C0352F-C84F-4BAC-8FD3-FF3A383C9F32}.MinSizeRel|Win32.ActiveCfg = MinSizeRel|Win32
		{A3C0352F-C84F-4BAC-8FD3-FF3A383C9F32}.MinSizeRel|Win32.Build.0 = MinSizeRel|Win32
		{A3C0352F-C84F-4BAC-8FD3-FF3A383C9F32}.RelWithDebInfo|Win32.ActiveCfg = RelWithDebInfo|Win32
		{A3C0352F-C84F-4BAC-8FD3-FF3A383C9F32}.RelWithDebInfo|Win32.Build.0 = RelWithDebInfo|Win32
		{1D04B215-6218-4C47-BA0C-4AEB26AED2F9}.Debug|Win32.ActiveCfg = Debug|Win32
		{1D04B215-6218-4C47-BA0C-4AEB26AED2F9}.Debug|Win32.Build.0 = Debug|Win32
		{1D04B215-6218-4C47-BA0C-4AEB26AED2F9}.Release|Win32.ActiveCfg = Release|Win32
		{1D04B215-6218-4C47-BA0C-4AEB26AED2F9}.Release|Win32.Build.0 = Release|Win32
		{1D04B215-6218-4C47-BA0C-4AEB26AED2F9}.MinSizeRel|Win32.ActiveCfg = MinSizeRel|Win32
		{1D04B215-6218-4C47-BA0C-4AEB26AED2F9}.MinSizeRel|Win32.Build.0 = MinSizeRel|Win32
		{1D04B215-6218-4C47-BA0C-4AEB26AED2F9}.RelWithDebInfo|Win32.ActiveCfg = RelWithDebInfo|Win32
		{1D04B215-6218-4C47-BA0C-4AEB26AED2F9}.RelWithDebInfo|Win32.Build.0 = RelWithDebInfo|Win32
		{B8346242-9D67-4A33-852D-2EA598D8ABA0}.Debug|Win32.ActiveCfg = Debug|Win32
		{B8346242-9D67-4A33-852D-2EA598D8ABA0}.Release|Win32.ActiveCfg = Release|Win32
		{B8346242-9D67-4A33-852D-2EA598D8ABA0}.MinSizeRel|Win32.ActiveCfg = MinSizeRel|Win32
		{B8346242-9D67-4A33-852D-2EA598D8ABA0}.RelWithDebInfo|Win32.ActiveCfg = RelWithDebInfo|Win32
		{A101546B-99CC-4FF4-89F0-1B9B9C787568}.Debug|Win32.ActiveCfg = Debug|Win32
		{A101546B-99CC-4FF4-89F0-1B9B9C787568}.Debug|Win32.Build.0 = Debug|Win32
		{A101546B-99CC-4FF4-89F0-1B9B9C787568}.Release|Win32.ActiveCfg = Release|Win32
		{A101546B-99CC-4FF4-89F0-1B9B9C787568}.Release|Win32.Build.0 = Release|Win32
		{A101546B-99CC-4FF4-89F0-1B9B9C787568}.MinSizeRel|Win32.ActiveCfg = MinSizeRel|Win32
		{A101546B-99CC-4FF4-89F0-1B9B9C787568}.MinSizeRel|Win32.Build.0 = MinSizeRel|Win32
		{A101546B-99CC-4FF4-89F0-1B9B9C787568}.RelWithDebInfo|Win32.ActiveCfg = RelWithDebInfo|Win32
		{A101546B-99CC-4FF4-89F0-1B9B9C787568}.RelWithDebInfo|Win32.Build.0 = RelWithDebInfo|Win32
		{68D33FAD-1212-4BB6-BF8C-F4B1C2CD73B3}.Debug|Win32.ActiveCfg = Debug|Win32
		{68D33FAD-1212-4BB6-BF8C-F4B1C2CD73B3}.Debug|Win32.Build.0 = Debug|Win32
		{68D33FAD-1212-4BB6-BF8C-F4B1C2CD73B3}.Release|Win32.ActiveCfg = Release|Win32
		{68D33FAD-1212-4BB6-BF8C-F4B1C2CD73B3}.Release|Win32.Build.0 = Release|Win32
		{68D33FAD-1212-4BB6-BF8C-F4B1C2CD73B3}.MinSizeRel|Win32.ActiveCfg = MinSizeRel|Win32
		{68D33FAD-1212-4BB6-BF8C-F4B1C2CD73B3}.MinSizeRel|Win32.Build.0 = MinSizeRel|Win32
		{68D33FAD-1212-4BB6-BF8C-F4B1C2CD73B3}.RelWithDebInfo|Win32.ActiveCfg = RelWithDebInfo|Win32
		{68D33FAD-1212-4BB6-BF8C-F4B1C2CD73B3}.RelWithDebInfo|Win32.Build.0 = RelWithDebInfo|Win32
		{7CFCC529-EC5D-4588-AA6D-420A7F8DF097}.Debug|Win32.ActiveCfg = Debug|Win32
		{7CFCC529-EC5D-4588-AA6D-420A7F8DF097}.Debug|Win32.Build.0 = Debug|Win32
		{7CFCC529-EC5D-4588-AA6D-420A7F8DF097}.Release|Win32.ActiveCfg = Release|Win32
		{7CFCC529-EC5D-4588-AA6D-420A7F8DF097}.Release|Win32.Build.0 = Release|Win32
		{7CFCC529-EC5D-4588-AA6D-420A7F8DF097}.MinSizeRel|Win32.ActiveCfg = MinSizeRel|Win32
		{7CFCC529-EC5D-4588-AA6D-420A7F8DF097}.MinSizeRel|Win32.Build.0 = MinSizeRel|Win32
		{7CFCC529-EC5D-4588-AA6D-420A7F8DF097}.RelWithDebInfo|Win32.ActiveCfg = RelWithDebInfo|Win32
		{7CFCC529-EC5D-4588-AA6D-420A7F8DF097}.RelWithDebInfo|Win32.Build.0 = RelWithDebInfo|Win32
		{F6CCE44A-DBB6-4155-8685-67E8E00632D5}.Debug|Win32.ActiveCfg = Debug|Win32
		{F6CCE44A-DBB6-4155-8685-67E8E00632D5}.Debug|Win32.Build.0 = Debug|Win32
		{F6CCE44A-DBB6-4155-8685-67E8E00632D5}.Release|Win32.ActiveCfg = Release|Win32
		{F6CCE44A-DBB6-4155-8685-67E8E00632D5}.Release|Win32.Build.0 = Release|Win32
		{F6CCE44A-DBB6-4155-8685-67E8E00632D5}.MinSizeRel|Win32.ActiveCfg = MinSizeRel|Win32
		{F6CCE44A-DBB6-4155-8685-67E8E00632D5}.MinSizeRel|Win32.Build.0 = MinSizeRel|Win32
		{F6CCE44A-DBB6-4155-8685-67E8E00632D5}.RelWithDebInfo|Win32.ActiveCfg = RelWithDebInfo|Win32
		{F6CCE44A-DBB6-4155-8685-67E8E00632D5}.RelWithDebInfo|Win32.Build.0 = RelWithDebInfo|Win32
		{E18B3FA0-D332-48B1-96AD-81DD50B97C04}.Debug|Win32.ActiveCfg = Debug|Win32
		{E18B3FA0-D332-48B1-96AD-81DD50B97C04}.Debug|Win32.Build.0 = Debug|Win32
		{E18B3FA0-D332-48B1-96AD-81DD50B97C04}.Release|Win32.ActiveCfg = Release|Win32
		{E18B3FA0-D332-48B1-96AD-81DD50B97C04}.Release|Win32.Build.0 = Release|Win32
		{E18B3FA0-D332-48B1-96AD-81DD50B97C04}.MinSizeRel|Win32.ActiveCfg = MinSizeRel|Win32
		{E18B3FA0-D332-48B1-96AD-81DD50B97C04}.MinSizeRel|Win32.Build.0 = MinSizeRel|Win32
		{E18B3FA0-D332-48B1-96AD-81DD50B97C04}.RelWithDebInfo|Win32.ActiveCfg = RelWithDebInfo|Win32
		{E18B3FA0-D332-48B1-96AD-81DD50B97C04}.RelWithDebInfo|Win32.Build.0 = RelWithDebInfo|Win32
		{E25C700E-DE71-4882-8B7E-70E467F17899}.Debug|Win32.ActiveCfg = Debug|Win32
		{E25C700E-DE71-4882-8B7E-70E467F17899}.Debug|Win32.Build.0 = Debug|Win32
		{E25C700E-DE71-4882-8B7E-70E467F17899}.Release|Win32.ActiveCfg = Release|Win32
		{E25C700E-DE71-4882-8B7E-70E467F17899}.Release|Win32.Build.0 = Release|Win32
		{E25C700E-DE71-4882-8B7E-70E467F17899}.MinSizeRel|Win32.ActiveCfg = MinSizeRel|Win32
		{E25C700E-DE71-4882-8B7E-70E467F17899}.MinSizeRel|Win32.Build.0 = MinSizeRel|Win32
		{E25C700E-DE71-4882-8B7E-70E467F17899}.RelWithDebInfo|Win32.ActiveCfg = RelWithDebInfo|Win32
		{E25C700E-DE71-4882-8B7E-70E467F17899}.RelWithDebInfo|Win32.Build.0 = RelWithDebInfo|Win32
		{CBE1A382-DD2B-41A5-8DFF-169B1D3FA8D7}.Debug|Win32.ActiveCfg = Debug|Win32
		{CBE1A382-DD2B-41A5-8DFF-169B1D3FA8D7}.Debug|Win32.Build.0 = Debug|Win32
		{CBE1A382-DD2B-41A5-8DFF-169B1D3FA8D7}.Release|Win32.ActiveCfg = Release|Win32
		{CBE1A382-DD2B-41A5-8DFF-169B1D3FA8D7}.Release|Win32.Build.0 = Release|Win32
		{CBE1A382-DD2B-41A5-8DFF-169B1D3FA8D7}.MinSizeRel|Win32.ActiveCfg = MinSizeRel|Win32
		{CBE1A382-DD2B-41A5-8DFF-169B1D3FA8D7}.MinSizeRel|Win32.Build.0 = MinSizeRel|Win32
		{CBE1A382-DD2B-41A5-8DFF-169B1D3FA8D7}.RelWithDebInfo|Win32.ActiveCfg = RelWithDebInfo|Win32
		{CBE1A382-DD2B-41A5-8DFF-169B1D3FA8D7}.RelWithDebInfo|Win32.Build.0 = RelWithDebInfo|Win32
		{4AE18726-59EC-455C-A82B-F77FD75B7B03}.Debug|Win32.ActiveCfg = Debug|Win32
		{4AE18726-59EC-455C-A82B-F77FD75B7B03}.Debug|Win32.Build.0 = Debug|Win32
		{4AE18726-59EC-455C-A82B-F77FD75B7B03}.Release|Win32.ActiveCfg = Release|Win32
		{4AE18726-59EC-455C-A82B-F77FD75B7B03}.Release|Win32.Build.0 = Release|Win32
		{4AE18726-59EC-455C-A82B-F77FD75B7B03}.MinSizeRel|Win32.ActiveCfg = MinSizeRel|Win32
		{4AE18726-59EC-455C-A82B-F77FD75B7B03}.MinSizeRel|Win32.Build.0 = MinSizeRel|Win32
		{4AE18726-59EC-455C-A82B-F77FD75B7B03}.RelWithDebInfo|Win32.ActiveCfg = RelWithDebInfo|Win32
		{4AE18726-59EC-455C-A82B-F77FD75B7B03}.RelWithDebInfo|Win32.Build.0 = RelWithDebInfo|Win32
		{0ACD76AD-05BA-4263-8115-4F31FEA39AC2}.Debug|Win32.ActiveCfg = Debug|Win32
		{0ACD76AD-05BA-4263-8115-4F31FEA39AC2}.Debug|Win32.Build.0 = Debug|Win32
		{0ACD76AD-05BA-4263-8115-4F31FEA39AC2}.Release|Win32.ActiveCfg = Release|Win32
		{0ACD76AD-05BA-4263-8115-4F31FEA39AC2}.Release|Win32.Build.0 = Release|Win32
		{0ACD76AD-05BA-4263-8115-4F31FEA39AC2}.MinSizeRel|Win32.ActiveCfg = MinSizeRel|Win32
		{0ACD76AD-05BA-4263-8115-4F31FEA39AC2}.MinSizeRel|Win32.Build.0 = MinSizeRel|Win32
		{0ACD76AD-05BA-4263-8115-4F31FEA39AC2}.RelWithDebInfo|Win32.ActiveCfg = RelWithDebInfo|Win32
		{0ACD76AD-05BA-4263-8115-4F31FEA39AC2}.RelWithDebInfo|Win32.Build.0 = RelWithDebInfo|Win32
		{8AE790BC-82F8-4CE8-92FB-BCCABD4F880F}.Debug|Win32.ActiveCfg = Debug|Win32
		{8AE790BC-82F8-4CE8-92FB-BCCABD4F880F}.Debug|Win32.Build.0 = Debug|Win32
		{8AE790BC-82F8-4CE8-92FB-BCCABD4F880F}.Release|Win32.ActiveCfg = Release|Win32
		{8AE790BC-82F8-4CE8-92FB-BCCABD4F880F}.Release|Win32.Build.0 = Release|Win32
		{8AE790BC-82F8-4CE8-92FB-BCCABD4F880F}.MinSizeRel|Win32.ActiveCfg = MinSizeRel|Win32
		{8AE790BC-82F8-4CE8-92FB-BCCABD4F880F}.MinSizeRel|Win32.Build.0 = MinSizeRel|Win32
		{8AE790BC-82F8-4CE8-92FB-BCCABD4F880F}.RelWithDebInfo|Win32.ActiveCfg = RelWithDebInfo|Win32
		{8AE790BC-82F8-4CE8-92FB-BCCABD4F880F}.RelWithDebInfo|Win32.Build.0 = RelWithDebInfo|Win32
		{357BFDC3-0C57-4BEC-9FBB-1204C9844FBB}.Debug|Win32.ActiveCfg = Debug|Win32
		{357BFDC3-0C57-4BEC-9FBB-1204C9844FBB}.Debug|Win32.Build.0 = Debug|Win32
		{357BFDC3-0C57-4BEC-9FBB-1204C9844FBB}.Release|Win32.ActiveCfg = Release|Win32
		{357BFDC3-0C57-4BEC-9FBB-1204C9844FBB}.Release|Win32.Build.0 = Release|Win32
		{357BFDC3-0C57-4BEC-9FBB-1204C9844FBB}.MinSizeRel|Win32.ActiveCfg = MinSizeRel|Win32
		{357BFDC3-0C57-4BEC-9FBB-1204C9844FBB}.MinSizeRel|Win32.Build.0 = MinSizeRel|Win32
		{357BFDC3-0C57-4BEC-9FBB-1204C9844FBB}.RelWithDebInfo|Win32.ActiveCfg = RelWithDebInfo|Win32
		{357BFDC3-0C57-4BEC-9FBB-1204C9844FBB}.RelWithDebInfo|Win32.Build.0 = RelWithDebInfo|Win32
		{8DCABB1C-CF4E-4BA6-8BD6-B03FE1C2A855}.Debug|Win32.ActiveCfg = Debug|Win32
		{8DCABB1C-CF4E-4BA6-8BD6-B03FE1C2A855}.Debug|Win32.Build.0 = Debug|Win32
		{8DCABB1C-CF4E-4BA6-8BD6-B03FE1C2A855}.Release|Win32.ActiveCfg = Release|Win32
		{8DCABB1C-CF4E-4BA6-8BD6-B03FE1C2A855}.Release|Win32.Build.0 = Release|Win32
		{8DCABB1C-CF4E-4BA6-8BD6-B03FE1C2A855}.MinSizeRel|Win32.ActiveCfg = MinSizeRel|Win32
		{8DCABB1C-CF4E-4BA6-8BD6-B03FE1C2A855}.MinSizeRel|Win32.Build.0 = MinSizeRel|Win32
		{8DCABB1C-CF4E-4BA6-8BD6-B03FE1C2A855}.RelWithDebInfo|Win32.ActiveCfg = RelWithDebInfo|Win32
		{8DCABB1C-CF4E-4BA6-8BD6-B03FE1C2A855}.RelWithDebInfo|Win32.Build.0 = RelWithDebInfo|Win32
		{E065B193-4246-4B66-8CC3-146D7B484E34}.Debug|Win32.ActiveCfg = Debug|Win32
		{E065B193-4246-4B66-8CC3-146D7B484E34}.Debug|Win32.Build.0 = Debug|Win32
		{E065B193-4246-4B66-8CC3-146D7B484E34}.Release|Win32.ActiveCfg = Release|Win32
		{E065B193-4246-4B66-8CC3-146D7B484E34}.Release|Win32.Build.0 = Release|Win32
		{E065B193-4246-4B66-8CC3-146D7B484E34}.MinSizeRel|Win32.ActiveCfg = MinSizeRel|Win32
		{E065B193-4246-4B66-8CC3-146D7B484E34}.MinSizeRel|Win32.Build.0 = MinSizeRel|Win32
		{E065B193-4246-4B66-8CC3-146D7B484E34}.RelWithDebInfo|Win32.ActiveCfg = RelWithDebInfo|Win32
		{E065B193-4246-4B66-8CC3-146D7B484E34}.RelWithDebInfo|Win32.Build.0 = RelWithDebInfo|Win32
		{29046C6D-362F-4926-B8E2-CF7FA1E28AAD}.Debug|Win32.ActiveCfg = Debug|Win32
		{29046C6D-362F-4926-B8E2-CF7FA1E28AAD}.Debug|Win32.Build.0 = Debug|Win32
		{29046C6D-362F-4926-B8E2-CF7FA1E28AAD}.Release|Win32.ActiveCfg = Release|Win32
		{29046C6D-362F-4926-B8E2-CF7FA1E28AAD}.Release|Win32.Build.0 = Release|Win32
		{29046C6D-362F-4926-B8E2-CF7FA1E28AAD}.MinSizeRel|Win32.ActiveCfg = MinSizeRel|Win32
		{29046C6D-362F-4926-B8E2-CF7FA1E28AAD}.MinSizeRel|Win32.Build.0 = MinSizeRel|Win32
		{29046C6D-362F-4926-B8E2-CF7FA1E28AAD}.RelWithDebInfo|Win32.ActiveCfg = RelWithDebInfo|Win32
		{29046C6D-362F-4926-B8E2-CF7FA1E28AAD}.RelWithDebInfo|Win32.Build.0 = RelWithDebInfo|Win32
		{AB00F98B-52AB-42E2-A9A2-636B6D6C8045}.Debug|Win32.ActiveCfg = Debug|Win32
		{AB00F98B-52AB-42E2-A9A2-636B6D6C8045}.Debug|Win32.Build.0 = Debug|Win32
		{AB00F98B-52AB-42E2-A9A2-636B6D6C8045}.Release|Win32.ActiveCfg = Release|Win32
		{AB00F98B-52AB-42E2-A9A2-636B6D6C8045}.Release|Win32.Build.0 = Release|Win32
		{AB00F98B-52AB-42E2-A9A2-636B6D6C8045}.MinSizeRel|Win32.ActiveCfg = MinSizeRel|Win32
		{AB00F98B-52AB-42E2-A9A2-636B6D6C8045}.MinSizeRel|Win32.Build.0 = MinSizeRel|Win32
		{AB00F98B-52AB-42E2-A9A2-636B6D6C8045}.RelWithDebInfo|Win32.ActiveCfg = RelWithDebInfo|Win32
		{AB00F98B-52AB-42E2-A9A2-636B6D6C8045}.RelWithDebInfo|Win32.Build.0 = RelWithDebInfo|Win32
		{D2EF809D-A0F9-4DB4-85F9-FF12CCD4BDBE}.Debug|Win32.ActiveCfg = Debug|Win32
		{D2EF809D-A0F9-4DB4-85F9-FF12CCD4BDBE}.Debug|Win32.Build.0 = Debug|Win32
		{D2EF809D-A0F9-4DB4-85F9-FF12CCD4BDBE}.Release|Win32.ActiveCfg = Release|Win32
		{D2EF809D-A0F9-4DB4-85F9-FF12CCD4BDBE}.Release|Win32.Build.0 = Release|Win32
		{D2EF809D-A0F9-4DB4-85F9-FF12CCD4BDBE}.MinSizeRel|Win32.ActiveCfg = MinSizeRel|Win32
		{D2EF809D-A0F9-4DB4-85F9-FF12CCD4BDBE}.MinSizeRel|Win32.Build.0 = MinSizeRel|Win32
		{D2EF809D-A0F9-4DB4-85F9-FF12CCD4BDBE}.RelWithDebInfo|Win32.ActiveCfg = RelWithDebInfo|Win32
		{D2EF809D-A0F9-4DB4-85F9-FF12CCD4BDBE}.RelWithDebInfo|Win32.Build.0 = RelWithDebInfo|Win32
	EndGlobalSection
	GlobalSection(ExtensibilityGlobals) = postSolution
	EndGlobalSection
	GlobalSection(ExtensibilityAddIns) = postSolution
	EndGlobalSection
EndGlobal
