Microsoft Visual Studio Solution File, Format Version 10.00
# Visual Studio 2008
Project("{8BC9CEB8-8B4A-11D0-8D11-00A0C91BC942}") = "ALL_BUILD", "ALL_BUILD.vcproj", "{91BE825B-E04F-405F-AF8E-0E0C2AF00198}"
	ProjectSection(ProjectDependencies) = postProject
		{8DCABB1C-CF4E-4BA6-8BD6-B03FE1C2A855} = {8DCABB1C-CF4E-4BA6-8BD6-B03FE1C2A855}
		{E065B193-4246-4B66-8CC3-146D7B484E34} = {E065B193-4246-4B66-8CC3-146D7B484E34}
		{29046C6D-362F-4926-B8E2-CF7FA1E28AAD} = {29046C6D-362F-4926-B8E2-CF7FA1E28AAD}
		{D2EF809D-A0F9-4DB4-85F9-FF12CCD4BDBE} = {D2EF809D-A0F9-4DB4-85F9-FF12CCD4BDBE}
	EndProjectSection
EndProject
Project("{8BC9CEB8-8B4A-11D0-8D11-00A0C91BC942}") = "INSTALL", "INSTALL.vcproj", "{B8346242-9D67-4A33-852D-2EA598D8ABA0}"
	ProjectSection(ProjectDependencies) = postProject
		{91BE825B-E04F-405F-AF8E-0E0C2AF00198} = {91BE825B-E04F-405F-AF8E-0E0C2AF00198}
	EndProjectSection
EndProject
Project("{8BC9CEB8-8B4A-11D0-8D11-00A0C91BC942}") = "ZERO_CHECK", "..\ZERO_CHECK.vcproj", "{8AE790BC-82F8-4CE8-92FB-BCCABD4F880F}"
	ProjectSection(ProjectDependencies) = postProject
	EndProjectSection
EndProject
Project("{8BC9CEB8-8B4A-11D0-8D11-00A0C91BC942}") = "ZLib", "..\Dependencies\Source\FreeImage\ZLib\ZLib.vcproj", "{357BFDC3-0C57-4BEC-9FBB-1204C9844FBB}"
	ProjectSection(ProjectDependencies) = postProject
		{8AE790BC-82F8-4CE8-92FB-BCCABD4F880F} = {8AE790BC-82F8-4CE8-92FB-BCCABD4F880F}
	EndProjectSection
EndProject
Project("{8BC9CEB8-8B4A-11D0-8D11-00A0C91BC942}") = "bfBlend", "FileFormats\Blend\bfBlend.vcproj", "{8DCABB1C-CF4E-4BA6-8BD6-B03FE1C2A855}"
	ProjectSection(ProjectDependencies) = postProject
		{8AE790BC-82F8-4CE8-92FB-BCCABD4F880F} = {8AE790BC-82F8-4CE8-92FB-BCCABD4F880F}
		{D2EF809D-A0F9-4DB4-85F9-FF12CCD4BDBE} = {D2EF809D-A0F9-4DB4-85F9-FF12CCD4BDBE}
	EndProjectSection
EndProject
Project("{8BC9CEB8-8B4A-11D0-8D11-00A0C91BC942}") = "btBulletFile", "FileFormats\Bullet\btBulletFile.vcproj", "{E065B193-4246-4B66-8CC3-146D7B484E34}"
	ProjectSection(ProjectDependencies) = postProject
		{8AE790BC-82F8-4CE8-92FB-BCCABD4F880F} = {8AE790BC-82F8-4CE8-92FB-BCCABD4F880F}
		{D2EF809D-A0F9-4DB4-85F9-FF12CCD4BDBE} = {D2EF809D-A0F9-4DB4-85F9-FF12CCD4BDBE}
	EndProjectSection
EndProject
Project("{8BC9CEB8-8B4A-11D0-8D11-00A0C91BC942}") = "fbtFile", "File\fbtFile.vcproj", "{29046C6D-362F-4926-B8E2-CF7FA1E28AAD}"
	ProjectSection(ProjectDependencies) = postProject
		{8AE790BC-82F8-4CE8-92FB-BCCABD4F880F} = {8AE790BC-82F8-4CE8-92FB-BCCABD4F880F}
		{357BFDC3-0C57-4BEC-9FBB-1204C9844FBB} = {357BFDC3-0C57-4BEC-9FBB-1204C9844FBB}
	EndProjectSection
EndProject
Project("{8BC9CEB8-8B4A-11D0-8D11-00A0C91BC942}") = "makefbt", "Compiler\makefbt.vcproj", "{D2EF809D-A0F9-4DB4-85F9-FF12CCD4BDBE}"
	ProjectSection(ProjectDependencies) = postProject
		{8AE790BC-82F8-4CE8-92FB-BCCABD4F880F} = {8AE790BC-82F8-4CE8-92FB-BCCABD4F880F}
		{29046C6D-362F-4926-B8E2-CF7FA1E28AAD} = {29046C6D-362F-4926-B8E2-CF7FA1E28AAD}
	EndProjectSection
EndProject
Global
	GlobalSection(SolutionConfigurationPlatforms) = preSolution
		Debug|Win32 = Debug|Win32
		Release|Win32 = Release|Win32
		MinSizeRel|Win32 = MinSizeRel|Win32
		RelWithDebInfo|Win32 = RelWithDebInfo|Win32
	EndGlobalSection
	GlobalSection(ProjectConfigurationPlatforms) = postSolution
		{91BE825B-E04F-405F-AF8E-0E0C2AF00198}.Debug|Win32.ActiveCfg = Debug|Win32
		{91BE825B-E04F-405F-AF8E-0E0C2AF00198}.Debug|Win32.Build.0 = Debug|Win32
		{91BE825B-E04F-405F-AF8E-0E0C2AF00198}.Release|Win32.ActiveCfg = Release|Win32
		{91BE825B-E04F-405F-AF8E-0E0C2AF00198}.Release|Win32.Build.0 = Release|Win32
		{91BE825B-E04F-405F-AF8E-0E0C2AF00198}.MinSizeRel|Win32.ActiveCfg = MinSizeRel|Win32
		{91BE825B-E04F-405F-AF8E-0E0C2AF00198}.MinSizeRel|Win32.Build.0 = MinSizeRel|Win32
		{91BE825B-E04F-405F-AF8E-0E0C2AF00198}.RelWithDebInfo|Win32.ActiveCfg = RelWithDebInfo|Win32
		{91BE825B-E04F-405F-AF8E-0E0C2AF00198}.RelWithDebInfo|Win32.Build.0 = RelWithDebInfo|Win32
		{B8346242-9D67-4A33-852D-2EA598D8ABA0}.Debug|Win32.ActiveCfg = Debug|Win32
		{B8346242-9D67-4A33-852D-2EA598D8ABA0}.Release|Win32.ActiveCfg = Release|Win32
		{B8346242-9D67-4A33-852D-2EA598D8ABA0}.MinSizeRel|Win32.ActiveCfg = MinSizeRel|Win32
		{B8346242-9D67-4A33-852D-2EA598D8ABA0}.RelWithDebInfo|Win32.ActiveCfg = RelWithDebInfo|Win32
		{8AE790BC-82F8-4CE8-92FB-BCCABD4F880F}.Debug|Win32.ActiveCfg = Debug|Win32
		{8AE790BC-82F8-4CE8-92FB-BCCABD4F880F}.Debug|Win32.Build.0 = Debug|Win32
		{8AE790BC-82F8-4CE8-92FB-BCCABD4F880F}.Release|Win32.ActiveCfg = Release|Win32
		{8AE790BC-82F8-4CE8-92FB-BCCABD4F880F}.Release|Win32.Build.0 = Release|Win32
		{8AE790BC-82F8-4CE8-92FB-BCCABD4F880F}.MinSizeRel|Win32.ActiveCfg = MinSizeRel|Win32
		{8AE790BC-82F8-4CE8-92FB-BCCABD4F880F}.MinSizeRel|Win32.Build.0 = MinSizeRel|Win32
		{8AE790BC-82F8-4CE8-92FB-BCCABD4F880F}.RelWithDebInfo|Win32.ActiveCfg = RelWithDebInfo|Win32
		{8AE790BC-82F8-4CE8-92FB-BCCABD4F880F}.RelWithDebInfo|Win32.Build.0 = RelWithDebInfo|Win32
		{357BFDC3-0C57-4BEC-9FBB-1204C9844FBB}.Debug|Win32.ActiveCfg = Debug|Win32
		{357BFDC3-0C57-4BEC-9FBB-1204C9844FBB}.Debug|Win32.Build.0 = Debug|Win32
		{357BFDC3-0C57-4BEC-9FBB-1204C9844FBB}.Release|Win32.ActiveCfg = Release|Win32
		{357BFDC3-0C57-4BEC-9FBB-1204C9844FBB}.Release|Win32.Build.0 = Release|Win32
		{357BFDC3-0C57-4BEC-9FBB-1204C9844FBB}.MinSizeRel|Win32.ActiveCfg = MinSizeRel|Win32
		{357BFDC3-0C57-4BEC-9FBB-1204C9844FBB}.MinSizeRel|Win32.Build.0 = MinSizeRel|Win32
		{357BFDC3-0C57-4BEC-9FBB-1204C9844FBB}.RelWithDebInfo|Win32.ActiveCfg = RelWithDebInfo|Win32
		{357BFDC3-0C57-4BEC-9FBB-1204C9844FBB}.RelWithDebInfo|Win32.Build.0 = RelWithDebInfo|Win32
		{8DCABB1C-CF4E-4BA6-8BD6-B03FE1C2A855}.Debug|Win32.ActiveCfg = Debug|Win32
		{8DCABB1C-CF4E-4BA6-8BD6-B03FE1C2A855}.Debug|Win32.Build.0 = Debug|Win32
		{8DCABB1C-CF4E-4BA6-8BD6-B03FE1C2A855}.Release|Win32.ActiveCfg = Release|Win32
		{8DCABB1C-CF4E-4BA6-8BD6-B03FE1C2A855}.Release|Win32.Build.0 = Release|Win32
		{8DCABB1C-CF4E-4BA6-8BD6-B03FE1C2A855}.MinSizeRel|Win32.ActiveCfg = MinSizeRel|Win32
		{8DCABB1C-CF4E-4BA6-8BD6-B03FE1C2A855}.MinSizeRel|Win32.Build.0 = MinSizeRel|Win32
		{8DCABB1C-CF4E-4BA6-8BD6-B03FE1C2A855}.RelWithDebInfo|Win32.ActiveCfg = RelWithDebInfo|Win32
		{8DCABB1C-CF4E-4BA6-8BD6-B03FE1C2A855}.RelWithDebInfo|Win32.Build.0 = RelWithDebInfo|Win32
		{E065B193-4246-4B66-8CC3-146D7B484E34}.Debug|Win32.ActiveCfg = Debug|Win32
		{E065B193-4246-4B66-8CC3-146D7B484E34}.Debug|Win32.Build.0 = Debug|Win32
		{E065B193-4246-4B66-8CC3-146D7B484E34}.Release|Win32.ActiveCfg = Release|Win32
		{E065B193-4246-4B66-8CC3-146D7B484E34}.Release|Win32.Build.0 = Release|Win32
		{E065B193-4246-4B66-8CC3-146D7B484E34}.MinSizeRel|Win32.ActiveCfg = MinSizeRel|Win32
		{E065B193-4246-4B66-8CC3-146D7B484E34}.MinSizeRel|Win32.Build.0 = MinSizeRel|Win32
		{E065B193-4246-4B66-8CC3-146D7B484E34}.RelWithDebInfo|Win32.ActiveCfg = RelWithDebInfo|Win32
		{E065B193-4246-4B66-8CC3-146D7B484E34}.RelWithDebInfo|Win32.Build.0 = RelWithDebInfo|Win32
		{29046C6D-362F-4926-B8E2-CF7FA1E28AAD}.Debug|Win32.ActiveCfg = Debug|Win32
		{29046C6D-362F-4926-B8E2-CF7FA1E28AAD}.Debug|Win32.Build.0 = Debug|Win32
		{29046C6D-362F-4926-B8E2-CF7FA1E28AAD}.Release|Win32.ActiveCfg = Release|Win32
		{29046C6D-362F-4926-B8E2-CF7FA1E28AAD}.Release|Win32.Build.0 = Release|Win32
		{29046C6D-362F-4926-B8E2-CF7FA1E28AAD}.MinSizeRel|Win32.ActiveCfg = MinSizeRel|Win32
		{29046C6D-362F-4926-B8E2-CF7FA1E28AAD}.MinSizeRel|Win32.Build.0 = MinSizeRel|Win32
		{29046C6D-362F-4926-B8E2-CF7FA1E28AAD}.RelWithDebInfo|Win32.ActiveCfg = RelWithDebInfo|Win32
		{29046C6D-362F-4926-B8E2-CF7FA1E28AAD}.RelWithDebInfo|Win32.Build.0 = RelWithDebInfo|Win32
		{D2EF809D-A0F9-4DB4-85F9-FF12CCD4BDBE}.Debug|Win32.ActiveCfg = Debug|Win32
		{D2EF809D-A0F9-4DB4-85F9-FF12CCD4BDBE}.Debug|Win32.Build.0 = Debug|Win32
		{D2EF809D-A0F9-4DB4-85F9-FF12CCD4BDBE}.Release|Win32.ActiveCfg = Release|Win32
		{D2EF809D-A0F9-4DB4-85F9-FF12CCD4BDBE}.Release|Win32.Build.0 = Release|Win32
		{D2EF809D-A0F9-4DB4-85F9-FF12CCD4BDBE}.MinSizeRel|Win32.ActiveCfg = MinSizeRel|Win32
		{D2EF809D-A0F9-4DB4-85F9-FF12CCD4BDBE}.MinSizeRel|Win32.Build.0 = MinSizeRel|Win32
		{D2EF809D-A0F9-4DB4-85F9-FF12CCD4BDBE}.RelWithDebInfo|Win32.ActiveCfg = RelWithDebInfo|Win32
		{D2EF809D-A0F9-4DB4-85F9-FF12CCD4BDBE}.RelWithDebInfo|Win32.Build.0 = RelWithDebInfo|Win32
	EndGlobalSection
	GlobalSection(ExtensibilityGlobals) = postSolution
	EndGlobalSection
	GlobalSection(ExtensibilityAddIns) = postSolution
	EndGlobalSection
EndGlobal
